// !$*UTF8*$!
{
	archiveVersion = 1;
	classes = {
	};
	objectVersion = 55;
	objects = {

/* Begin PBXBuildFile section */
		43A43C49CD3FB3367AF97649 /* Pods_CurrencyConverter.framework in Frameworks */ = {isa = PBXBuildFile; fileRef = B6D67D4F57CE2B14AA357AB6 /* Pods_CurrencyConverter.framework */; };
		5D75E467589A965B19B8DBC2 /* Pods_CurrencyConverter_CurrencyConverterUITests.framework in Frameworks */ = {isa = PBXBuildFile; fileRef = 832B4A7CC47EBBA98BDFD52E /* Pods_CurrencyConverter_CurrencyConverterUITests.framework */; };
		AB6BE3CE79EAE22D6E956CF8 /* Pods_CurrencyConverterTests.framework in Frameworks */ = {isa = PBXBuildFile; fileRef = 873A7398476AF1BE335BA375 /* Pods_CurrencyConverterTests.framework */; };
		F4056025288919AF007CD5AA /* URLModel.swift in Sources */ = {isa = PBXBuildFile; fileRef = F4056024288919AF007CD5AA /* URLModel.swift */; };
		F405602828891AE1007CD5AA /* URLConstants.swift in Sources */ = {isa = PBXBuildFile; fileRef = F405602728891AE1007CD5AA /* URLConstants.swift */; };
		F405602A28891CBE007CD5AA /* NetworkService.swift in Sources */ = {isa = PBXBuildFile; fileRef = F405602928891CBE007CD5AA /* NetworkService.swift */; };
		F405602C2889202D007CD5AA /* NetworkServiceError.swift in Sources */ = {isa = PBXBuildFile; fileRef = F405602B2889202D007CD5AA /* NetworkServiceError.swift */; };
		F4056031288941F0007CD5AA /* PrivatBankExchangeRate.swift in Sources */ = {isa = PBXBuildFile; fileRef = F4056030288941F0007CD5AA /* PrivatBankExchangeRate.swift */; };
		F4056033288946DA007CD5AA /* ExchangeRate.swift in Sources */ = {isa = PBXBuildFile; fileRef = F4056032288946DA007CD5AA /* ExchangeRate.swift */; };
		F405603A288966B5007CD5AA /* MainView.xib in Resources */ = {isa = PBXBuildFile; fileRef = F4056039288966B5007CD5AA /* MainView.xib */; };
		F405603C288966EF007CD5AA /* MainView.swift in Sources */ = {isa = PBXBuildFile; fileRef = F405603B288966EF007CD5AA /* MainView.swift */; };
		F405603E28896967007CD5AA /* MainViewController.swift in Sources */ = {isa = PBXBuildFile; fileRef = F405603D28896967007CD5AA /* MainViewController.swift */; };
		F4056045288984CE007CD5AA /* Dispatcher.swift in Sources */ = {isa = PBXBuildFile; fileRef = F4056044288984CE007CD5AA /* Dispatcher.swift */; };
		F40560472889887B007CD5AA /* AsyncQueue.swift in Sources */ = {isa = PBXBuildFile; fileRef = F40560462889887B007CD5AA /* AsyncQueue.swift */; };
		F4056049288988CE007CD5AA /* SyncQueue.swift in Sources */ = {isa = PBXBuildFile; fileRef = F4056048288988CE007CD5AA /* SyncQueue.swift */; };
		F405604B288D0932007CD5AA /* RatesWindowView.xib in Resources */ = {isa = PBXBuildFile; fileRef = F405604A288D0932007CD5AA /* RatesWindowView.xib */; };
		F405604D288D1017007CD5AA /* RateTextLabel.swift in Sources */ = {isa = PBXBuildFile; fileRef = F405604C288D1017007CD5AA /* RateTextLabel.swift */; };
		F405604F288D1403007CD5AA /* RatesWindowView.swift in Sources */ = {isa = PBXBuildFile; fileRef = F405604E288D1403007CD5AA /* RatesWindowView.swift */; };
		F42CD259288FE8320010FA7D /* SFProText-Regular.ttf in Resources */ = {isa = PBXBuildFile; fileRef = F42CD258288FE8320010FA7D /* SFProText-Regular.ttf */; };
		F435D1BD2887E5EB00B27418 /* AdjustableTextField.swift in Sources */ = {isa = PBXBuildFile; fileRef = F435D1BC2887E5EB00B27418 /* AdjustableTextField.swift */; };
		F4429C6B289FB63400070620 /* DateModel.swift in Sources */ = {isa = PBXBuildFile; fileRef = F4429C6A289FB63400070620 /* DateModel.swift */; };
		F45137BE289D280C00B2190D /* CurrencyDataSource.swift in Sources */ = {isa = PBXBuildFile; fileRef = F45137BD289D280C00B2190D /* CurrencyDataSource.swift */; };
		F45137C0289E326A00B2190D /* ResultDataSource.swift in Sources */ = {isa = PBXBuildFile; fileRef = F45137BF289E326A00B2190D /* ResultDataSource.swift */; };
		F45137C2289E372200B2190D /* ResultModel.swift in Sources */ = {isa = PBXBuildFile; fileRef = F45137C1289E372200B2190D /* ResultModel.swift */; };
		F4532CB92883E93300A05344 /* AppDelegate.swift in Sources */ = {isa = PBXBuildFile; fileRef = F4532CB82883E93300A05344 /* AppDelegate.swift */; };
		F4532CBB2883E93300A05344 /* SceneDelegate.swift in Sources */ = {isa = PBXBuildFile; fileRef = F4532CBA2883E93300A05344 /* SceneDelegate.swift */; };
		F4532CC02883E93300A05344 /* Main.storyboard in Resources */ = {isa = PBXBuildFile; fileRef = F4532CBE2883E93300A05344 /* Main.storyboard */; };
		F4532CC22883E93400A05344 /* Assets.xcassets in Resources */ = {isa = PBXBuildFile; fileRef = F4532CC12883E93400A05344 /* Assets.xcassets */; };
		F4532CC52883E93400A05344 /* LaunchScreen.storyboard in Resources */ = {isa = PBXBuildFile; fileRef = F4532CC32883E93400A05344 /* LaunchScreen.storyboard */; };
		F4532CD02883E93400A05344 /* CurrencyConverterTests.swift in Sources */ = {isa = PBXBuildFile; fileRef = F4532CCF2883E93400A05344 /* CurrencyConverterTests.swift */; };
		F4532CDA2883E93400A05344 /* CurrencyConverterUITests.swift in Sources */ = {isa = PBXBuildFile; fileRef = F4532CD92883E93400A05344 /* CurrencyConverterUITests.swift */; };
		F4532CDC2883E93400A05344 /* CurrencyConverterUITestsLaunchTests.swift in Sources */ = {isa = PBXBuildFile; fileRef = F4532CDB2883E93400A05344 /* CurrencyConverterUITestsLaunchTests.swift */; };
		F4532CEB2884056400A05344 /* EllipseView.swift in Sources */ = {isa = PBXBuildFile; fileRef = F4532CEA2884056400A05344 /* EllipseView.swift */; };
		F45E03EC28A2828900902C73 /* InputAmountCell.xib in Resources */ = {isa = PBXBuildFile; fileRef = F45E03EA28A2828900902C73 /* InputAmountCell.xib */; };
		F45E042D28A4FA7400902C73 /* RateCurrencyContainer+CoreDataClass.swift in Sources */ = {isa = PBXBuildFile; fileRef = F45E042728A4FA7400902C73 /* RateCurrencyContainer+CoreDataClass.swift */; };
		F45E042E28A4FA7400902C73 /* RateCurrencyContainer+CoreDataProperties.swift in Sources */ = {isa = PBXBuildFile; fileRef = F45E042828A4FA7400902C73 /* RateCurrencyContainer+CoreDataProperties.swift */; };
		F45E042F28A4FA7400902C73 /* CurrencyContainer+CoreDataClass.swift in Sources */ = {isa = PBXBuildFile; fileRef = F45E042928A4FA7400902C73 /* CurrencyContainer+CoreDataClass.swift */; };
		F45E043028A4FA7400902C73 /* CurrencyContainer+CoreDataProperties.swift in Sources */ = {isa = PBXBuildFile; fileRef = F45E042A28A4FA7400902C73 /* CurrencyContainer+CoreDataProperties.swift */; };
		F45E043128A4FA7400902C73 /* ConverterCurrencyContainer+CoreDataClass.swift in Sources */ = {isa = PBXBuildFile; fileRef = F45E042B28A4FA7400902C73 /* ConverterCurrencyContainer+CoreDataClass.swift */; };
		F45E043228A4FA7400902C73 /* ConverterCurrencyContainer+CoreDataProperties.swift in Sources */ = {isa = PBXBuildFile; fileRef = F45E042C28A4FA7400902C73 /* ConverterCurrencyContainer+CoreDataProperties.swift */; };
		F45E043428A4FB8700902C73 /* FetchRequesting.swift in Sources */ = {isa = PBXBuildFile; fileRef = F45E043328A4FB8700902C73 /* FetchRequesting.swift */; };
		F45E043628A62ABB00902C73 /* TableViewCostants.swift in Sources */ = {isa = PBXBuildFile; fileRef = F45E043528A62ABB00902C73 /* TableViewCostants.swift */; };
		F45E043E28AA639700902C73 /* TotalAmountCell.xib in Resources */ = {isa = PBXBuildFile; fileRef = F45E043D28AA639700902C73 /* TotalAmountCell.xib */; };
		F45E044028AA671E00902C73 /* TotalAmountCell.swift in Sources */ = {isa = PBXBuildFile; fileRef = F45E043F28AA671E00902C73 /* TotalAmountCell.swift */; };
		F45E044228AB5F7F00902C73 /* ConverterModel.swift in Sources */ = {isa = PBXBuildFile; fileRef = F45E044128AB5F7F00902C73 /* ConverterModel.swift */; };
		F49AB41328B9E3BF00868776 /* ExchangeRateManager.swift in Sources */ = {isa = PBXBuildFile; fileRef = F49AB41228B9E3BF00868776 /* ExchangeRateManager.swift */; };
		F49AB41628B9E43200868776 /* ExchangeRateRepository.swift in Sources */ = {isa = PBXBuildFile; fileRef = F49AB41528B9E43200868776 /* ExchangeRateRepository.swift */; };
		F49AB41828B9FCA100868776 /* MonoBankExchangeRate.swift in Sources */ = {isa = PBXBuildFile; fileRef = F49AB41728B9FCA100868776 /* MonoBankExchangeRate.swift */; };
		F49AB41B28BA0A6600868776 /* CDLastUpdateDate+CoreDataClass.swift in Sources */ = {isa = PBXBuildFile; fileRef = F49AB41928BA0A6600868776 /* CDLastUpdateDate+CoreDataClass.swift */; };
		F49AB41C28BA0A6600868776 /* CDLastUpdateDate+CoreDataProperties.swift in Sources */ = {isa = PBXBuildFile; fileRef = F49AB41A28BA0A6600868776 /* CDLastUpdateDate+CoreDataProperties.swift */; };
		F49AB41E28BA0B2C00868776 /* LastUpdateDateRepository.swift in Sources */ = {isa = PBXBuildFile; fileRef = F49AB41D28BA0B2C00868776 /* LastUpdateDateRepository.swift */; };
		F49AB42028BA17A400868776 /* LastUpdateDateManager.swift in Sources */ = {isa = PBXBuildFile; fileRef = F49AB41F28BA17A400868776 /* LastUpdateDateManager.swift */; };
		F4A09AA6289BBF3E009D138E /* CDExchangeRate+CoreDataClass.swift in Sources */ = {isa = PBXBuildFile; fileRef = F4A09AA4289BBF3E009D138E /* CDExchangeRate+CoreDataClass.swift */; };
		F4A09AA7289BBF3E009D138E /* CDExchangeRate+CoreDataProperties.swift in Sources */ = {isa = PBXBuildFile; fileRef = F4A09AA5289BBF3E009D138E /* CDExchangeRate+CoreDataProperties.swift */; };
		F4A09AAD289BD338009D138E /* CoreDataError.swift in Sources */ = {isa = PBXBuildFile; fileRef = F4A09AAC289BD338009D138E /* CoreDataError.swift */; };
		F4A09AC8289D210C009D138E /* Group+CoreDataClass.swift in Sources */ = {isa = PBXBuildFile; fileRef = F4A09AC4289D210C009D138E /* Group+CoreDataClass.swift */; };
		F4A09AC9289D210C009D138E /* Group+CoreDataProperties.swift in Sources */ = {isa = PBXBuildFile; fileRef = F4A09AC5289D210C009D138E /* Group+CoreDataProperties.swift */; };
		F4A09ACA289D210C009D138E /* Currency+CoreDataClass.swift in Sources */ = {isa = PBXBuildFile; fileRef = F4A09AC6289D210C009D138E /* Currency+CoreDataClass.swift */; };
		F4A09ACB289D210C009D138E /* Currency+CoreDataProperties.swift in Sources */ = {isa = PBXBuildFile; fileRef = F4A09AC7289D210C009D138E /* Currency+CoreDataProperties.swift */; };
		F4A09ACD289D21B5009D138E /* InitialModel.swift in Sources */ = {isa = PBXBuildFile; fileRef = F4A09ACC289D21B5009D138E /* InitialModel.swift */; };
		F4A2F88C28870A28007948A9 /* Lato-ExtraBold.ttf in Resources */ = {isa = PBXBuildFile; fileRef = F4A2F88B28870A28007948A9 /* Lato-ExtraBold.ttf */; };
		F4A2F88E28870F53007948A9 /* ConverterWindowView.swift in Sources */ = {isa = PBXBuildFile; fileRef = F4A2F88D28870F53007948A9 /* ConverterWindowView.swift */; };
		F4A2F890288710B1007948A9 /* ConverterWindowView.xib in Resources */ = {isa = PBXBuildFile; fileRef = F4A2F88F288710B1007948A9 /* ConverterWindowView.xib */; };
		F4A2F89228871BF7007948A9 /* Lato-Regular.ttf in Resources */ = {isa = PBXBuildFile; fileRef = F4A2F89128871BF7007948A9 /* Lato-Regular.ttf */; };
		F4A2F89428871DD4007948A9 /* Lato-SemiBold.ttf in Resources */ = {isa = PBXBuildFile; fileRef = F4A2F89328871DD4007948A9 /* Lato-SemiBold.ttf */; };
		F4A2F8962887C4D7007948A9 /* UIViewFixInExtension.swift in Sources */ = {isa = PBXBuildFile; fileRef = F4A2F8952887C4D7007948A9 /* UIViewFixInExtension.swift */; };
		F4A2F8992887C57E007948A9 /* EllipsesView.xib in Resources */ = {isa = PBXBuildFile; fileRef = F4A2F8982887C57E007948A9 /* EllipsesView.xib */; };
		F4A2F89B2887C728007948A9 /* EllipsesView.swift in Sources */ = {isa = PBXBuildFile; fileRef = F4A2F89A2887C728007948A9 /* EllipsesView.swift */; };
		F4A6202E28912909009E3FB8 /* CurrencyListViewController.swift in Sources */ = {isa = PBXBuildFile; fileRef = F4A6202D28912909009E3FB8 /* CurrencyListViewController.swift */; };
		F4A620362893A826009E3FB8 /* UserDeafaultsError.swift in Sources */ = {isa = PBXBuildFile; fileRef = F4A620352893A826009E3FB8 /* UserDeafaultsError.swift */; };
		F4AA60E3288D32D500E191E6 /* PopUpWindowView.swift in Sources */ = {isa = PBXBuildFile; fileRef = F4AA60E2288D32D500E191E6 /* PopUpWindowView.swift */; };
		F4AA60EC288D4BCE00E191E6 /* RateCell.swift in Sources */ = {isa = PBXBuildFile; fileRef = F4AA60EA288D4BCE00E191E6 /* RateCell.swift */; };
		F4AA60ED288D4BCE00E191E6 /* RateCell.xib in Resources */ = {isa = PBXBuildFile; fileRef = F4AA60EB288D4BCE00E191E6 /* RateCell.xib */; };
		F4AA60F2288D62E200E191E6 /* ExchangeRateModel.swift in Sources */ = {isa = PBXBuildFile; fileRef = F4AA60F1288D62E200E191E6 /* ExchangeRateModel.swift */; };
		F4AA60FA288D88B800E191E6 /* Currency.json in Resources */ = {isa = PBXBuildFile; fileRef = F4AA60F9288D88B800E191E6 /* Currency.json */; };
		F4AA60FD288D89E000E191E6 /* CurrencyListModel.swift in Sources */ = {isa = PBXBuildFile; fileRef = F4AA60FC288D89E000E191E6 /* CurrencyListModel.swift */; };
		F4AA6103288E5A5200E191E6 /* CurrencyCell.swift in Sources */ = {isa = PBXBuildFile; fileRef = F4AA6102288E5A5200E191E6 /* CurrencyCell.swift */; };
		F4BA22ED2897A237002F3B54 /* CoreDataStack.swift in Sources */ = {isa = PBXBuildFile; fileRef = F4BA22EC2897A237002F3B54 /* CoreDataStack.swift */; };
		F4BA22F52897AB45002F3B54 /* CurrencyConverter.xcdatamodeld in Sources */ = {isa = PBXBuildFile; fileRef = F4BA22F32897AB45002F3B54 /* CurrencyConverter.xcdatamodeld */; };
		F4C7FAEB28B8A7C100E92A43 /* MapKit.framework in Frameworks */ = {isa = PBXBuildFile; fileRef = F4C7FAEA28B8A7C100E92A43 /* MapKit.framework */; };
		F4DCC2F428AD10A100DC4D09 /* DoubleFormatExtension.swift in Sources */ = {isa = PBXBuildFile; fileRef = F4DCC2F328AD10A100DC4D09 /* DoubleFormatExtension.swift */; };
		F4DCC2F628B4B41200DC4D09 /* MainViewAnimationExtension.swift in Sources */ = {isa = PBXBuildFile; fileRef = F4DCC2F528B4B41200DC4D09 /* MainViewAnimationExtension.swift */; };
		F4DCC2F828B4B50C00DC4D09 /* TitleConstants.swift in Sources */ = {isa = PBXBuildFile; fileRef = F4DCC2F728B4B50C00DC4D09 /* TitleConstants.swift */; };
		F4DCC33A28B4E6CF00DC4D09 /* ContactsViewController.swift in Sources */ = {isa = PBXBuildFile; fileRef = F4DCC33928B4E6CF00DC4D09 /* ContactsViewController.swift */; };
		F4DCC33D28B4E98400DC4D09 /* MessageModel.swift in Sources */ = {isa = PBXBuildFile; fileRef = F4DCC33C28B4E98400DC4D09 /* MessageModel.swift */; };
		F4DCC33F28B5EE5100DC4D09 /* AlertConstants.swift in Sources */ = {isa = PBXBuildFile; fileRef = F4DCC33E28B5EE5100DC4D09 /* AlertConstants.swift */; };
		F4DCC34128B624C300DC4D09 /* WorldCurrencies.plist in Resources */ = {isa = PBXBuildFile; fileRef = F4DCC34028B624C300DC4D09 /* WorldCurrencies.plist */; };
		F4ED8B7F28993211006DF9AE /* AppConstants.swift in Sources */ = {isa = PBXBuildFile; fileRef = F4ED8B7E28993211006DF9AE /* AppConstants.swift */; };
		F4ED8BE4289B99B6006DF9AE /* CurrencyListView.swift in Sources */ = {isa = PBXBuildFile; fileRef = F4ED8BE3289B99B6006DF9AE /* CurrencyListView.swift */; };
/* End PBXBuildFile section */

/* Begin PBXContainerItemProxy section */
		F4532CCC2883E93400A05344 /* PBXContainerItemProxy */ = {
			isa = PBXContainerItemProxy;
			containerPortal = F4532CAD2883E93300A05344 /* Project object */;
			proxyType = 1;
			remoteGlobalIDString = F4532CB42883E93300A05344;
			remoteInfo = CurrencyConverter;
		};
		F4532CD62883E93400A05344 /* PBXContainerItemProxy */ = {
			isa = PBXContainerItemProxy;
			containerPortal = F4532CAD2883E93300A05344 /* Project object */;
			proxyType = 1;
			remoteGlobalIDString = F4532CB42883E93300A05344;
			remoteInfo = CurrencyConverter;
		};
/* End PBXContainerItemProxy section */

/* Begin PBXFileReference section */
		25F3D84AD293E624C92C67CD /* Pods-CurrencyConverter.debug.xcconfig */ = {isa = PBXFileReference; includeInIndex = 1; lastKnownFileType = text.xcconfig; name = "Pods-CurrencyConverter.debug.xcconfig"; path = "Target Support Files/Pods-CurrencyConverter/Pods-CurrencyConverter.debug.xcconfig"; sourceTree = "<group>"; };
		3ACD11342E3D18D896EB80FC /* Pods-CurrencyConverterTests.debug.xcconfig */ = {isa = PBXFileReference; includeInIndex = 1; lastKnownFileType = text.xcconfig; name = "Pods-CurrencyConverterTests.debug.xcconfig"; path = "Target Support Files/Pods-CurrencyConverterTests/Pods-CurrencyConverterTests.debug.xcconfig"; sourceTree = "<group>"; };
		7AE1522597C44BF352346663 /* Pods-CurrencyConverter-CurrencyConverterUITests.release.xcconfig */ = {isa = PBXFileReference; includeInIndex = 1; lastKnownFileType = text.xcconfig; name = "Pods-CurrencyConverter-CurrencyConverterUITests.release.xcconfig"; path = "Target Support Files/Pods-CurrencyConverter-CurrencyConverterUITests/Pods-CurrencyConverter-CurrencyConverterUITests.release.xcconfig"; sourceTree = "<group>"; };
		832B4A7CC47EBBA98BDFD52E /* Pods_CurrencyConverter_CurrencyConverterUITests.framework */ = {isa = PBXFileReference; explicitFileType = wrapper.framework; includeInIndex = 0; path = Pods_CurrencyConverter_CurrencyConverterUITests.framework; sourceTree = BUILT_PRODUCTS_DIR; };
		873A7398476AF1BE335BA375 /* Pods_CurrencyConverterTests.framework */ = {isa = PBXFileReference; explicitFileType = wrapper.framework; includeInIndex = 0; path = Pods_CurrencyConverterTests.framework; sourceTree = BUILT_PRODUCTS_DIR; };
		97184BF8BF8F9C6523FEAF0E /* Pods-CurrencyConverter-CurrencyConverterUITests.debug.xcconfig */ = {isa = PBXFileReference; includeInIndex = 1; lastKnownFileType = text.xcconfig; name = "Pods-CurrencyConverter-CurrencyConverterUITests.debug.xcconfig"; path = "Target Support Files/Pods-CurrencyConverter-CurrencyConverterUITests/Pods-CurrencyConverter-CurrencyConverterUITests.debug.xcconfig"; sourceTree = "<group>"; };
		A933CBDCFD14993A5D242E9B /* Pods-CurrencyConverterTests.release.xcconfig */ = {isa = PBXFileReference; includeInIndex = 1; lastKnownFileType = text.xcconfig; name = "Pods-CurrencyConverterTests.release.xcconfig"; path = "Target Support Files/Pods-CurrencyConverterTests/Pods-CurrencyConverterTests.release.xcconfig"; sourceTree = "<group>"; };
		B6D67D4F57CE2B14AA357AB6 /* Pods_CurrencyConverter.framework */ = {isa = PBXFileReference; explicitFileType = wrapper.framework; includeInIndex = 0; path = Pods_CurrencyConverter.framework; sourceTree = BUILT_PRODUCTS_DIR; };
		CF4329F69DFC5CB03017A181 /* Pods-CurrencyConverter.release.xcconfig */ = {isa = PBXFileReference; includeInIndex = 1; lastKnownFileType = text.xcconfig; name = "Pods-CurrencyConverter.release.xcconfig"; path = "Target Support Files/Pods-CurrencyConverter/Pods-CurrencyConverter.release.xcconfig"; sourceTree = "<group>"; };
		F4056024288919AF007CD5AA /* URLModel.swift */ = {isa = PBXFileReference; lastKnownFileType = sourcecode.swift; path = URLModel.swift; sourceTree = "<group>"; };
		F405602728891AE1007CD5AA /* URLConstants.swift */ = {isa = PBXFileReference; lastKnownFileType = sourcecode.swift; path = URLConstants.swift; sourceTree = "<group>"; };
		F405602928891CBE007CD5AA /* NetworkService.swift */ = {isa = PBXFileReference; lastKnownFileType = sourcecode.swift; path = NetworkService.swift; sourceTree = "<group>"; };
		F405602B2889202D007CD5AA /* NetworkServiceError.swift */ = {isa = PBXFileReference; lastKnownFileType = sourcecode.swift; path = NetworkServiceError.swift; sourceTree = "<group>"; };
		F4056030288941F0007CD5AA /* PrivatBankExchangeRate.swift */ = {isa = PBXFileReference; fileEncoding = 4; lastKnownFileType = sourcecode.swift; path = PrivatBankExchangeRate.swift; sourceTree = "<group>"; };
		F4056032288946DA007CD5AA /* ExchangeRate.swift */ = {isa = PBXFileReference; fileEncoding = 4; lastKnownFileType = sourcecode.swift; path = ExchangeRate.swift; sourceTree = "<group>"; };
		F4056039288966B5007CD5AA /* MainView.xib */ = {isa = PBXFileReference; lastKnownFileType = file.xib; path = MainView.xib; sourceTree = "<group>"; };
		F405603B288966EF007CD5AA /* MainView.swift */ = {isa = PBXFileReference; lastKnownFileType = sourcecode.swift; path = MainView.swift; sourceTree = "<group>"; };
		F405603D28896967007CD5AA /* MainViewController.swift */ = {isa = PBXFileReference; lastKnownFileType = sourcecode.swift; path = MainViewController.swift; sourceTree = "<group>"; };
		F4056044288984CE007CD5AA /* Dispatcher.swift */ = {isa = PBXFileReference; lastKnownFileType = sourcecode.swift; path = Dispatcher.swift; sourceTree = "<group>"; };
		F40560462889887B007CD5AA /* AsyncQueue.swift */ = {isa = PBXFileReference; lastKnownFileType = sourcecode.swift; path = AsyncQueue.swift; sourceTree = "<group>"; };
		F4056048288988CE007CD5AA /* SyncQueue.swift */ = {isa = PBXFileReference; lastKnownFileType = sourcecode.swift; path = SyncQueue.swift; sourceTree = "<group>"; };
		F405604A288D0932007CD5AA /* RatesWindowView.xib */ = {isa = PBXFileReference; lastKnownFileType = file.xib; path = RatesWindowView.xib; sourceTree = "<group>"; };
		F405604C288D1017007CD5AA /* RateTextLabel.swift */ = {isa = PBXFileReference; lastKnownFileType = sourcecode.swift; path = RateTextLabel.swift; sourceTree = "<group>"; };
		F405604E288D1403007CD5AA /* RatesWindowView.swift */ = {isa = PBXFileReference; lastKnownFileType = sourcecode.swift; path = RatesWindowView.swift; sourceTree = "<group>"; };
		F42CD258288FE8320010FA7D /* SFProText-Regular.ttf */ = {isa = PBXFileReference; lastKnownFileType = file; path = "SFProText-Regular.ttf"; sourceTree = "<group>"; };
		F435D1BC2887E5EB00B27418 /* AdjustableTextField.swift */ = {isa = PBXFileReference; lastKnownFileType = sourcecode.swift; path = AdjustableTextField.swift; sourceTree = "<group>"; };
		F4429C6A289FB63400070620 /* DateModel.swift */ = {isa = PBXFileReference; lastKnownFileType = sourcecode.swift; path = DateModel.swift; sourceTree = "<group>"; };
		F45137BD289D280C00B2190D /* CurrencyDataSource.swift */ = {isa = PBXFileReference; lastKnownFileType = sourcecode.swift; path = CurrencyDataSource.swift; sourceTree = "<group>"; };
		F45137BF289E326A00B2190D /* ResultDataSource.swift */ = {isa = PBXFileReference; lastKnownFileType = sourcecode.swift; path = ResultDataSource.swift; sourceTree = "<group>"; };
		F45137C1289E372200B2190D /* ResultModel.swift */ = {isa = PBXFileReference; lastKnownFileType = sourcecode.swift; path = ResultModel.swift; sourceTree = "<group>"; };
		F4532CB52883E93300A05344 /* CurrencyConverter.app */ = {isa = PBXFileReference; explicitFileType = wrapper.application; includeInIndex = 0; path = CurrencyConverter.app; sourceTree = BUILT_PRODUCTS_DIR; };
		F4532CB82883E93300A05344 /* AppDelegate.swift */ = {isa = PBXFileReference; lastKnownFileType = sourcecode.swift; path = AppDelegate.swift; sourceTree = "<group>"; };
		F4532CBA2883E93300A05344 /* SceneDelegate.swift */ = {isa = PBXFileReference; lastKnownFileType = sourcecode.swift; path = SceneDelegate.swift; sourceTree = "<group>"; };
		F4532CBF2883E93300A05344 /* Base */ = {isa = PBXFileReference; lastKnownFileType = file.storyboard; name = Base; path = Base.lproj/Main.storyboard; sourceTree = "<group>"; };
		F4532CC12883E93400A05344 /* Assets.xcassets */ = {isa = PBXFileReference; lastKnownFileType = folder.assetcatalog; path = Assets.xcassets; sourceTree = "<group>"; };
		F4532CC42883E93400A05344 /* Base */ = {isa = PBXFileReference; lastKnownFileType = file.storyboard; name = Base; path = Base.lproj/LaunchScreen.storyboard; sourceTree = "<group>"; };
		F4532CC62883E93400A05344 /* Info.plist */ = {isa = PBXFileReference; lastKnownFileType = text.plist.xml; path = Info.plist; sourceTree = "<group>"; };
		F4532CCB2883E93400A05344 /* CurrencyConverterTests.xctest */ = {isa = PBXFileReference; explicitFileType = wrapper.cfbundle; includeInIndex = 0; path = CurrencyConverterTests.xctest; sourceTree = BUILT_PRODUCTS_DIR; };
		F4532CCF2883E93400A05344 /* CurrencyConverterTests.swift */ = {isa = PBXFileReference; lastKnownFileType = sourcecode.swift; path = CurrencyConverterTests.swift; sourceTree = "<group>"; };
		F4532CD52883E93400A05344 /* CurrencyConverterUITests.xctest */ = {isa = PBXFileReference; explicitFileType = wrapper.cfbundle; includeInIndex = 0; path = CurrencyConverterUITests.xctest; sourceTree = BUILT_PRODUCTS_DIR; };
		F4532CD92883E93400A05344 /* CurrencyConverterUITests.swift */ = {isa = PBXFileReference; lastKnownFileType = sourcecode.swift; path = CurrencyConverterUITests.swift; sourceTree = "<group>"; };
		F4532CDB2883E93400A05344 /* CurrencyConverterUITestsLaunchTests.swift */ = {isa = PBXFileReference; lastKnownFileType = sourcecode.swift; path = CurrencyConverterUITestsLaunchTests.swift; sourceTree = "<group>"; };
		F4532CEA2884056400A05344 /* EllipseView.swift */ = {isa = PBXFileReference; lastKnownFileType = sourcecode.swift; path = EllipseView.swift; sourceTree = "<group>"; };
		F45E03EA28A2828900902C73 /* InputAmountCell.xib */ = {isa = PBXFileReference; lastKnownFileType = file.xib; path = InputAmountCell.xib; sourceTree = "<group>"; };
		F45E042728A4FA7400902C73 /* RateCurrencyContainer+CoreDataClass.swift */ = {isa = PBXFileReference; lastKnownFileType = sourcecode.swift; path = "RateCurrencyContainer+CoreDataClass.swift"; sourceTree = "<group>"; };
		F45E042828A4FA7400902C73 /* RateCurrencyContainer+CoreDataProperties.swift */ = {isa = PBXFileReference; lastKnownFileType = sourcecode.swift; path = "RateCurrencyContainer+CoreDataProperties.swift"; sourceTree = "<group>"; };
		F45E042928A4FA7400902C73 /* CurrencyContainer+CoreDataClass.swift */ = {isa = PBXFileReference; lastKnownFileType = sourcecode.swift; path = "CurrencyContainer+CoreDataClass.swift"; sourceTree = "<group>"; };
		F45E042A28A4FA7400902C73 /* CurrencyContainer+CoreDataProperties.swift */ = {isa = PBXFileReference; lastKnownFileType = sourcecode.swift; path = "CurrencyContainer+CoreDataProperties.swift"; sourceTree = "<group>"; };
		F45E042B28A4FA7400902C73 /* ConverterCurrencyContainer+CoreDataClass.swift */ = {isa = PBXFileReference; lastKnownFileType = sourcecode.swift; path = "ConverterCurrencyContainer+CoreDataClass.swift"; sourceTree = "<group>"; };
		F45E042C28A4FA7400902C73 /* ConverterCurrencyContainer+CoreDataProperties.swift */ = {isa = PBXFileReference; lastKnownFileType = sourcecode.swift; path = "ConverterCurrencyContainer+CoreDataProperties.swift"; sourceTree = "<group>"; };
		F45E043328A4FB8700902C73 /* FetchRequesting.swift */ = {isa = PBXFileReference; lastKnownFileType = sourcecode.swift; path = FetchRequesting.swift; sourceTree = "<group>"; };
		F45E043528A62ABB00902C73 /* TableViewCostants.swift */ = {isa = PBXFileReference; lastKnownFileType = sourcecode.swift; path = TableViewCostants.swift; sourceTree = "<group>"; };
		F45E043D28AA639700902C73 /* TotalAmountCell.xib */ = {isa = PBXFileReference; lastKnownFileType = file.xib; path = TotalAmountCell.xib; sourceTree = "<group>"; };
		F45E043F28AA671E00902C73 /* TotalAmountCell.swift */ = {isa = PBXFileReference; lastKnownFileType = sourcecode.swift; path = TotalAmountCell.swift; sourceTree = "<group>"; };
		F45E044128AB5F7F00902C73 /* ConverterModel.swift */ = {isa = PBXFileReference; lastKnownFileType = sourcecode.swift; path = ConverterModel.swift; sourceTree = "<group>"; };
		F49AB41228B9E3BF00868776 /* ExchangeRateManager.swift */ = {isa = PBXFileReference; lastKnownFileType = sourcecode.swift; path = ExchangeRateManager.swift; sourceTree = "<group>"; };
		F49AB41528B9E43200868776 /* ExchangeRateRepository.swift */ = {isa = PBXFileReference; lastKnownFileType = sourcecode.swift; path = ExchangeRateRepository.swift; sourceTree = "<group>"; };
		F49AB41728B9FCA100868776 /* MonoBankExchangeRate.swift */ = {isa = PBXFileReference; lastKnownFileType = sourcecode.swift; path = MonoBankExchangeRate.swift; sourceTree = "<group>"; };
		F49AB41928BA0A6600868776 /* CDLastUpdateDate+CoreDataClass.swift */ = {isa = PBXFileReference; lastKnownFileType = sourcecode.swift; path = "CDLastUpdateDate+CoreDataClass.swift"; sourceTree = "<group>"; };
		F49AB41A28BA0A6600868776 /* CDLastUpdateDate+CoreDataProperties.swift */ = {isa = PBXFileReference; lastKnownFileType = sourcecode.swift; path = "CDLastUpdateDate+CoreDataProperties.swift"; sourceTree = "<group>"; };
		F49AB41D28BA0B2C00868776 /* LastUpdateDateRepository.swift */ = {isa = PBXFileReference; lastKnownFileType = sourcecode.swift; path = LastUpdateDateRepository.swift; sourceTree = "<group>"; };
		F49AB41F28BA17A400868776 /* LastUpdateDateManager.swift */ = {isa = PBXFileReference; lastKnownFileType = sourcecode.swift; path = LastUpdateDateManager.swift; sourceTree = "<group>"; };
		F4A09AA4289BBF3E009D138E /* CDExchangeRate+CoreDataClass.swift */ = {isa = PBXFileReference; lastKnownFileType = sourcecode.swift; path = "CDExchangeRate+CoreDataClass.swift"; sourceTree = "<group>"; };
		F4A09AA5289BBF3E009D138E /* CDExchangeRate+CoreDataProperties.swift */ = {isa = PBXFileReference; lastKnownFileType = sourcecode.swift; path = "CDExchangeRate+CoreDataProperties.swift"; sourceTree = "<group>"; };
		F4A09AAC289BD338009D138E /* CoreDataError.swift */ = {isa = PBXFileReference; lastKnownFileType = sourcecode.swift; path = CoreDataError.swift; sourceTree = "<group>"; };
		F4A09AC4289D210C009D138E /* Group+CoreDataClass.swift */ = {isa = PBXFileReference; lastKnownFileType = sourcecode.swift; path = "Group+CoreDataClass.swift"; sourceTree = "<group>"; };
		F4A09AC5289D210C009D138E /* Group+CoreDataProperties.swift */ = {isa = PBXFileReference; lastKnownFileType = sourcecode.swift; path = "Group+CoreDataProperties.swift"; sourceTree = "<group>"; };
		F4A09AC6289D210C009D138E /* Currency+CoreDataClass.swift */ = {isa = PBXFileReference; lastKnownFileType = sourcecode.swift; path = "Currency+CoreDataClass.swift"; sourceTree = "<group>"; };
		F4A09AC7289D210C009D138E /* Currency+CoreDataProperties.swift */ = {isa = PBXFileReference; lastKnownFileType = sourcecode.swift; path = "Currency+CoreDataProperties.swift"; sourceTree = "<group>"; };
		F4A09ACC289D21B5009D138E /* InitialModel.swift */ = {isa = PBXFileReference; lastKnownFileType = sourcecode.swift; path = InitialModel.swift; sourceTree = "<group>"; };
		F4A2F88B28870A28007948A9 /* Lato-ExtraBold.ttf */ = {isa = PBXFileReference; lastKnownFileType = file; path = "Lato-ExtraBold.ttf"; sourceTree = "<group>"; };
		F4A2F88D28870F53007948A9 /* ConverterWindowView.swift */ = {isa = PBXFileReference; lastKnownFileType = sourcecode.swift; path = ConverterWindowView.swift; sourceTree = "<group>"; };
		F4A2F88F288710B1007948A9 /* ConverterWindowView.xib */ = {isa = PBXFileReference; lastKnownFileType = file.xib; path = ConverterWindowView.xib; sourceTree = "<group>"; };
		F4A2F89128871BF7007948A9 /* Lato-Regular.ttf */ = {isa = PBXFileReference; lastKnownFileType = file; path = "Lato-Regular.ttf"; sourceTree = "<group>"; };
		F4A2F89328871DD4007948A9 /* Lato-SemiBold.ttf */ = {isa = PBXFileReference; lastKnownFileType = file; path = "Lato-SemiBold.ttf"; sourceTree = "<group>"; };
		F4A2F8952887C4D7007948A9 /* UIViewFixInExtension.swift */ = {isa = PBXFileReference; lastKnownFileType = sourcecode.swift; path = UIViewFixInExtension.swift; sourceTree = "<group>"; };
		F4A2F8982887C57E007948A9 /* EllipsesView.xib */ = {isa = PBXFileReference; lastKnownFileType = file.xib; path = EllipsesView.xib; sourceTree = "<group>"; };
		F4A2F89A2887C728007948A9 /* EllipsesView.swift */ = {isa = PBXFileReference; lastKnownFileType = sourcecode.swift; path = EllipsesView.swift; sourceTree = "<group>"; };
		F4A6202D28912909009E3FB8 /* CurrencyListViewController.swift */ = {isa = PBXFileReference; lastKnownFileType = sourcecode.swift; path = CurrencyListViewController.swift; sourceTree = "<group>"; };
		F4A620352893A826009E3FB8 /* UserDeafaultsError.swift */ = {isa = PBXFileReference; lastKnownFileType = sourcecode.swift; path = UserDeafaultsError.swift; sourceTree = "<group>"; };
		F4AA60E2288D32D500E191E6 /* PopUpWindowView.swift */ = {isa = PBXFileReference; lastKnownFileType = sourcecode.swift; path = PopUpWindowView.swift; sourceTree = "<group>"; };
		F4AA60EA288D4BCE00E191E6 /* RateCell.swift */ = {isa = PBXFileReference; lastKnownFileType = sourcecode.swift; path = RateCell.swift; sourceTree = "<group>"; };
		F4AA60EB288D4BCE00E191E6 /* RateCell.xib */ = {isa = PBXFileReference; lastKnownFileType = file.xib; path = RateCell.xib; sourceTree = "<group>"; };
		F4AA60F1288D62E200E191E6 /* ExchangeRateModel.swift */ = {isa = PBXFileReference; lastKnownFileType = sourcecode.swift; path = ExchangeRateModel.swift; sourceTree = "<group>"; };
		F4AA60F9288D88B800E191E6 /* Currency.json */ = {isa = PBXFileReference; lastKnownFileType = text.json; path = Currency.json; sourceTree = "<group>"; };
		F4AA60FC288D89E000E191E6 /* CurrencyListModel.swift */ = {isa = PBXFileReference; lastKnownFileType = sourcecode.swift; path = CurrencyListModel.swift; sourceTree = "<group>"; };
		F4AA6102288E5A5200E191E6 /* CurrencyCell.swift */ = {isa = PBXFileReference; lastKnownFileType = sourcecode.swift; path = CurrencyCell.swift; sourceTree = "<group>"; };
		F4BA22EC2897A237002F3B54 /* CoreDataStack.swift */ = {isa = PBXFileReference; lastKnownFileType = sourcecode.swift; path = CoreDataStack.swift; sourceTree = "<group>"; };
		F4BA22F42897AB45002F3B54 /* CurrencyConverter.xcdatamodel */ = {isa = PBXFileReference; lastKnownFileType = wrapper.xcdatamodel; path = CurrencyConverter.xcdatamodel; sourceTree = "<group>"; };
		F4C7FAEA28B8A7C100E92A43 /* MapKit.framework */ = {isa = PBXFileReference; lastKnownFileType = wrapper.framework; name = MapKit.framework; path = System/Library/Frameworks/MapKit.framework; sourceTree = SDKROOT; };
		F4DCC2F328AD10A100DC4D09 /* DoubleFormatExtension.swift */ = {isa = PBXFileReference; lastKnownFileType = sourcecode.swift; path = DoubleFormatExtension.swift; sourceTree = "<group>"; };
		F4DCC2F528B4B41200DC4D09 /* MainViewAnimationExtension.swift */ = {isa = PBXFileReference; lastKnownFileType = sourcecode.swift; path = MainViewAnimationExtension.swift; sourceTree = "<group>"; };
		F4DCC2F728B4B50C00DC4D09 /* TitleConstants.swift */ = {isa = PBXFileReference; lastKnownFileType = sourcecode.swift; path = TitleConstants.swift; sourceTree = "<group>"; };
		F4DCC33928B4E6CF00DC4D09 /* ContactsViewController.swift */ = {isa = PBXFileReference; lastKnownFileType = sourcecode.swift; path = ContactsViewController.swift; sourceTree = "<group>"; };
		F4DCC33C28B4E98400DC4D09 /* MessageModel.swift */ = {isa = PBXFileReference; lastKnownFileType = sourcecode.swift; path = MessageModel.swift; sourceTree = "<group>"; };
		F4DCC33E28B5EE5100DC4D09 /* AlertConstants.swift */ = {isa = PBXFileReference; lastKnownFileType = sourcecode.swift; path = AlertConstants.swift; sourceTree = "<group>"; };
		F4DCC34028B624C300DC4D09 /* WorldCurrencies.plist */ = {isa = PBXFileReference; fileEncoding = 4; lastKnownFileType = text.plist.xml; path = WorldCurrencies.plist; sourceTree = "<group>"; };
		F4ED8B7E28993211006DF9AE /* AppConstants.swift */ = {isa = PBXFileReference; lastKnownFileType = sourcecode.swift; path = AppConstants.swift; sourceTree = "<group>"; };
		F4ED8BE3289B99B6006DF9AE /* CurrencyListView.swift */ = {isa = PBXFileReference; lastKnownFileType = sourcecode.swift; path = CurrencyListView.swift; sourceTree = "<group>"; };
/* End PBXFileReference section */

/* Begin PBXFrameworksBuildPhase section */
		F4532CB22883E93300A05344 /* Frameworks */ = {
			isa = PBXFrameworksBuildPhase;
			buildActionMask = 2147483647;
			files = (
				F4C7FAEB28B8A7C100E92A43 /* MapKit.framework in Frameworks */,
				43A43C49CD3FB3367AF97649 /* Pods_CurrencyConverter.framework in Frameworks */,
			);
			runOnlyForDeploymentPostprocessing = 0;
		};
		F4532CC82883E93400A05344 /* Frameworks */ = {
			isa = PBXFrameworksBuildPhase;
			buildActionMask = 2147483647;
			files = (
				AB6BE3CE79EAE22D6E956CF8 /* Pods_CurrencyConverterTests.framework in Frameworks */,
			);
			runOnlyForDeploymentPostprocessing = 0;
		};
		F4532CD22883E93400A05344 /* Frameworks */ = {
			isa = PBXFrameworksBuildPhase;
			buildActionMask = 2147483647;
			files = (
				5D75E467589A965B19B8DBC2 /* Pods_CurrencyConverter_CurrencyConverterUITests.framework in Frameworks */,
			);
			runOnlyForDeploymentPostprocessing = 0;
		};
/* End PBXFrameworksBuildPhase section */

/* Begin PBXGroup section */
		07CD955780DAB4FE68A5F64E /* Frameworks */ = {
			isa = PBXGroup;
			children = (
				F4C7FAEA28B8A7C100E92A43 /* MapKit.framework */,
				B6D67D4F57CE2B14AA357AB6 /* Pods_CurrencyConverter.framework */,
				832B4A7CC47EBBA98BDFD52E /* Pods_CurrencyConverter_CurrencyConverterUITests.framework */,
				873A7398476AF1BE335BA375 /* Pods_CurrencyConverterTests.framework */,
			);
			name = Frameworks;
			sourceTree = "<group>";
		};
		558E8373479E191B096753D1 /* Pods */ = {
			isa = PBXGroup;
			children = (
				25F3D84AD293E624C92C67CD /* Pods-CurrencyConverter.debug.xcconfig */,
				CF4329F69DFC5CB03017A181 /* Pods-CurrencyConverter.release.xcconfig */,
				97184BF8BF8F9C6523FEAF0E /* Pods-CurrencyConverter-CurrencyConverterUITests.debug.xcconfig */,
				7AE1522597C44BF352346663 /* Pods-CurrencyConverter-CurrencyConverterUITests.release.xcconfig */,
				3ACD11342E3D18D896EB80FC /* Pods-CurrencyConverterTests.debug.xcconfig */,
				A933CBDCFD14993A5D242E9B /* Pods-CurrencyConverterTests.release.xcconfig */,
			);
			path = Pods;
			sourceTree = "<group>";
		};
		F405602328891991007CD5AA /* Managers */ = {
			isa = PBXGroup;
			children = (
				F4AA60FB288D89C100E191E6 /* NetworkService */,
			);
			path = Managers;
			sourceTree = "<group>";
		};
		F405602628891AC8007CD5AA /* Constants */ = {
			isa = PBXGroup;
			children = (
				F405602728891AE1007CD5AA /* URLConstants.swift */,
				F4ED8B7E28993211006DF9AE /* AppConstants.swift */,
				F45E043528A62ABB00902C73 /* TableViewCostants.swift */,
				F4DCC2F728B4B50C00DC4D09 /* TitleConstants.swift */,
				F4DCC33E28B5EE5100DC4D09 /* AlertConstants.swift */,
			);
			path = Constants;
			sourceTree = "<group>";
		};
		F405602F2889229B007CD5AA /* Models */ = {
			isa = PBXGroup;
			children = (
				F4056032288946DA007CD5AA /* ExchangeRate.swift */,
				F49AB41728B9FCA100868776 /* MonoBankExchangeRate.swift */,
				F4056030288941F0007CD5AA /* PrivatBankExchangeRate.swift */,
			);
			path = Models;
			sourceTree = "<group>";
		};
		F405603428894C78007CD5AA /* Errors */ = {
			isa = PBXGroup;
			children = (
				F405602B2889202D007CD5AA /* NetworkServiceError.swift */,
				F4A620352893A826009E3FB8 /* UserDeafaultsError.swift */,
				F4A09AAC289BD338009D138E /* CoreDataError.swift */,
			);
			path = Errors;
			sourceTree = "<group>";
		};
		F405603528894E1A007CD5AA /* Application */ = {
			isa = PBXGroup;
			children = (
				F4532CB82883E93300A05344 /* AppDelegate.swift */,
				F4532CBA2883E93300A05344 /* SceneDelegate.swift */,
			);
			path = Application;
			sourceTree = "<group>";
		};
		F405603628894E79007CD5AA /* Resources */ = {
			isa = PBXGroup;
			children = (
				F4532CC12883E93400A05344 /* Assets.xcassets */,
				F4AA60F9288D88B800E191E6 /* Currency.json */,
			);
			path = Resources;
			sourceTree = "<group>";
		};
		F405603F28897AAF007CD5AA /* MainController */ = {
			isa = PBXGroup;
			children = (
				F405603D28896967007CD5AA /* MainViewController.swift */,
			);
			path = MainController;
			sourceTree = "<group>";
		};
		F405604028897ACC007CD5AA /* MainView */ = {
			isa = PBXGroup;
			children = (
				F405603B288966EF007CD5AA /* MainView.swift */,
			);
			path = MainView;
			sourceTree = "<group>";
		};
		F405604128897AEB007CD5AA /* MainModel */ = {
			isa = PBXGroup;
			children = (
				F4AA60F1288D62E200E191E6 /* ExchangeRateModel.swift */,
				F4A09ACC289D21B5009D138E /* InitialModel.swift */,
				F4429C6A289FB63400070620 /* DateModel.swift */,
				F45137C1289E372200B2190D /* ResultModel.swift */,
				F45E044128AB5F7F00902C73 /* ConverterModel.swift */,
			);
			path = MainModel;
			sourceTree = "<group>";
		};
		F405604228897BC7007CD5AA /* ElementsViews */ = {
			isa = PBXGroup;
			children = (
				F4A2F8982887C57E007948A9 /* EllipsesView.xib */,
				F4A2F88F288710B1007948A9 /* ConverterWindowView.xib */,
				F405604A288D0932007CD5AA /* RatesWindowView.xib */,
				F4AA60EB288D4BCE00E191E6 /* RateCell.xib */,
				F45E03EA28A2828900902C73 /* InputAmountCell.xib */,
				F45E043D28AA639700902C73 /* TotalAmountCell.xib */,
			);
			path = ElementsViews;
			sourceTree = "<group>";
		};
		F4056043288984B0007CD5AA /* Dispatcher */ = {
			isa = PBXGroup;
			children = (
				F4056044288984CE007CD5AA /* Dispatcher.swift */,
				F40560462889887B007CD5AA /* AsyncQueue.swift */,
				F4056048288988CE007CD5AA /* SyncQueue.swift */,
			);
			path = Dispatcher;
			sourceTree = "<group>";
		};
		F45137C5289EAFC000B2190D /* Main Module */ = {
			isa = PBXGroup;
			children = (
				F405604128897AEB007CD5AA /* MainModel */,
				F405604028897ACC007CD5AA /* MainView */,
				F405603F28897AAF007CD5AA /* MainController */,
			);
			path = "Main Module";
			sourceTree = "<group>";
		};
		F4532CAC2883E93300A05344 = {
			isa = PBXGroup;
			children = (
				F45E042728A4FA7400902C73 /* RateCurrencyContainer+CoreDataClass.swift */,
				F45E042828A4FA7400902C73 /* RateCurrencyContainer+CoreDataProperties.swift */,
				F45E042928A4FA7400902C73 /* CurrencyContainer+CoreDataClass.swift */,
				F45E042A28A4FA7400902C73 /* CurrencyContainer+CoreDataProperties.swift */,
				F45E042B28A4FA7400902C73 /* ConverterCurrencyContainer+CoreDataClass.swift */,
				F45E042C28A4FA7400902C73 /* ConverterCurrencyContainer+CoreDataProperties.swift */,
				F4A09AC4289D210C009D138E /* Group+CoreDataClass.swift */,
				F4A09AC5289D210C009D138E /* Group+CoreDataProperties.swift */,
				F4A09AC6289D210C009D138E /* Currency+CoreDataClass.swift */,
				F4A09AC7289D210C009D138E /* Currency+CoreDataProperties.swift */,
				F4A09AA4289BBF3E009D138E /* CDExchangeRate+CoreDataClass.swift */,
				F4A09AA5289BBF3E009D138E /* CDExchangeRate+CoreDataProperties.swift */,
				F49AB41928BA0A6600868776 /* CDLastUpdateDate+CoreDataClass.swift */,
				F49AB41A28BA0A6600868776 /* CDLastUpdateDate+CoreDataProperties.swift */,
				F4532CB72883E93300A05344 /* CurrencyConverter */,
				F4532CCE2883E93400A05344 /* CurrencyConverterTests */,
				F4532CD82883E93400A05344 /* CurrencyConverterUITests */,
				F4532CB62883E93300A05344 /* Products */,
				558E8373479E191B096753D1 /* Pods */,
				07CD955780DAB4FE68A5F64E /* Frameworks */,
			);
			sourceTree = "<group>";
		};
		F4532CB62883E93300A05344 /* Products */ = {
			isa = PBXGroup;
			children = (
				F4532CB52883E93300A05344 /* CurrencyConverter.app */,
				F4532CCB2883E93400A05344 /* CurrencyConverterTests.xctest */,
				F4532CD52883E93400A05344 /* CurrencyConverterUITests.xctest */,
			);
			name = Products;
			sourceTree = "<group>";
		};
		F4532CB72883E93300A05344 /* CurrencyConverter */ = {
			isa = PBXGroup;
			children = (
				F4532CE82883E9D000A05344 /* SupportingFiles */,
				F49AB41028B9E2AA00868776 /* CoreData */,
				F4AA60F0288D5BDE00E191E6 /* Data Source */,
				F4532CE92883EA0500A05344 /* Views */,
				F4536C1128843DCC0027B572 /* CustomElements */,
				F405602328891991007CD5AA /* Managers */,
				F405602F2889229B007CD5AA /* Models */,
				F45137C5289EAFC000B2190D /* Main Module */,
				F4DCC33B28B4E95400DC4D09 /* MessageModule */,
				F4AA6104288E7DD200E191E6 /* CurrencyModule */,
			);
			path = CurrencyConverter;
			sourceTree = "<group>";
		};
		F4532CCE2883E93400A05344 /* CurrencyConverterTests */ = {
			isa = PBXGroup;
			children = (
				F4532CCF2883E93400A05344 /* CurrencyConverterTests.swift */,
			);
			path = CurrencyConverterTests;
			sourceTree = "<group>";
		};
		F4532CD82883E93400A05344 /* CurrencyConverterUITests */ = {
			isa = PBXGroup;
			children = (
				F4532CD92883E93400A05344 /* CurrencyConverterUITests.swift */,
				F4532CDB2883E93400A05344 /* CurrencyConverterUITestsLaunchTests.swift */,
			);
			path = CurrencyConverterUITests;
			sourceTree = "<group>";
		};
		F4532CE82883E9D000A05344 /* SupportingFiles */ = {
			isa = PBXGroup;
			children = (
				F4A620372893A986009E3FB8 /* Protocols */,
				F4056043288984B0007CD5AA /* Dispatcher */,
				F405603528894E1A007CD5AA /* Application */,
				F405602628891AC8007CD5AA /* Constants */,
				F405603428894C78007CD5AA /* Errors */,
				F4A2F8972887C4DE007948A9 /* Extensions */,
				F4A2F88A28870A11007948A9 /* Fonts */,
				F405603628894E79007CD5AA /* Resources */,
				F4DCC34028B624C300DC4D09 /* WorldCurrencies.plist */,
				F4532CC62883E93400A05344 /* Info.plist */,
			);
			path = SupportingFiles;
			sourceTree = "<group>";
		};
		F4532CE92883EA0500A05344 /* Views */ = {
			isa = PBXGroup;
			children = (
				F4532CBE2883E93300A05344 /* Main.storyboard */,
				F4532CC32883E93400A05344 /* LaunchScreen.storyboard */,
				F4056039288966B5007CD5AA /* MainView.xib */,
				F405604228897BC7007CD5AA /* ElementsViews */,
			);
			path = Views;
			sourceTree = "<group>";
		};
		F4536C1128843DCC0027B572 /* CustomElements */ = {
			isa = PBXGroup;
			children = (
				F405604E288D1403007CD5AA /* RatesWindowView.swift */,
				F435D1BC2887E5EB00B27418 /* AdjustableTextField.swift */,
				F4A2F88D28870F53007948A9 /* ConverterWindowView.swift */,
				F4532CEA2884056400A05344 /* EllipseView.swift */,
				F4A2F89A2887C728007948A9 /* EllipsesView.swift */,
				F405604C288D1017007CD5AA /* RateTextLabel.swift */,
				F4AA60E2288D32D500E191E6 /* PopUpWindowView.swift */,
				F4AA60EA288D4BCE00E191E6 /* RateCell.swift */,
				F45E043F28AA671E00902C73 /* TotalAmountCell.swift */,
			);
			path = CustomElements;
			sourceTree = "<group>";
		};
		F49AB41028B9E2AA00868776 /* CoreData */ = {
			isa = PBXGroup;
			children = (
				F49AB41428B9E3FB00868776 /* CoreDataRepositories */,
				F49AB41128B9E37E00868776 /* CoreDataManagers */,
				F4BA22EC2897A237002F3B54 /* CoreDataStack.swift */,
				F4BA22F32897AB45002F3B54 /* CurrencyConverter.xcdatamodeld */,
			);
			path = CoreData;
			sourceTree = "<group>";
		};
		F49AB41128B9E37E00868776 /* CoreDataManagers */ = {
			isa = PBXGroup;
			children = (
				F49AB41228B9E3BF00868776 /* ExchangeRateManager.swift */,
				F49AB41F28BA17A400868776 /* LastUpdateDateManager.swift */,
			);
			path = CoreDataManagers;
			sourceTree = "<group>";
		};
		F49AB41428B9E3FB00868776 /* CoreDataRepositories */ = {
			isa = PBXGroup;
			children = (
				F49AB41528B9E43200868776 /* ExchangeRateRepository.swift */,
				F49AB41D28BA0B2C00868776 /* LastUpdateDateRepository.swift */,
			);
			path = CoreDataRepositories;
			sourceTree = "<group>";
		};
		F4A2F88A28870A11007948A9 /* Fonts */ = {
			isa = PBXGroup;
			children = (
				F4A2F89128871BF7007948A9 /* Lato-Regular.ttf */,
				F4A2F88B28870A28007948A9 /* Lato-ExtraBold.ttf */,
				F4A2F89328871DD4007948A9 /* Lato-SemiBold.ttf */,
				F42CD258288FE8320010FA7D /* SFProText-Regular.ttf */,
			);
			path = Fonts;
			sourceTree = "<group>";
		};
		F4A2F8972887C4DE007948A9 /* Extensions */ = {
			isa = PBXGroup;
			children = (
				F4A2F8952887C4D7007948A9 /* UIViewFixInExtension.swift */,
				F4DCC2F328AD10A100DC4D09 /* DoubleFormatExtension.swift */,
				F4DCC2F528B4B41200DC4D09 /* MainViewAnimationExtension.swift */,
			);
			path = Extensions;
			sourceTree = "<group>";
		};
		F4A620372893A986009E3FB8 /* Protocols */ = {
			isa = PBXGroup;
			children = (
				F45E043328A4FB8700902C73 /* FetchRequesting.swift */,
			);
			path = Protocols;
			sourceTree = "<group>";
		};
		F4AA60F0288D5BDE00E191E6 /* Data Source */ = {
			isa = PBXGroup;
			children = (
				F45137BD289D280C00B2190D /* CurrencyDataSource.swift */,
				F45137BF289E326A00B2190D /* ResultDataSource.swift */,
			);
			path = "Data Source";
			sourceTree = "<group>";
		};
		F4AA60FB288D89C100E191E6 /* NetworkService */ = {
			isa = PBXGroup;
			children = (
				F405602928891CBE007CD5AA /* NetworkService.swift */,
				F4056024288919AF007CD5AA /* URLModel.swift */,
			);
			path = NetworkService;
			sourceTree = "<group>";
		};
		F4AA6101288E5A0900E191E6 /* CurrencyController */ = {
			isa = PBXGroup;
			children = (
				F4A6202D28912909009E3FB8 /* CurrencyListViewController.swift */,
			);
			path = CurrencyController;
			sourceTree = "<group>";
		};
		F4AA6104288E7DD200E191E6 /* CurrencyModule */ = {
			isa = PBXGroup;
			children = (
				F4AA6106288E7EA000E191E6 /* CurrencyListView */,
				F4AA6105288E7DE400E191E6 /* CurrencyListModel */,
				F4AA6101288E5A0900E191E6 /* CurrencyController */,
			);
			path = CurrencyModule;
			sourceTree = "<group>";
		};
		F4AA6105288E7DE400E191E6 /* CurrencyListModel */ = {
			isa = PBXGroup;
			children = (
				F4AA60FC288D89E000E191E6 /* CurrencyListModel.swift */,
			);
			path = CurrencyListModel;
			sourceTree = "<group>";
		};
		F4AA6106288E7EA000E191E6 /* CurrencyListView */ = {
			isa = PBXGroup;
			children = (
				F4ED8BE5289BB12A006DF9AE /* Cells */,
				F4ED8BE3289B99B6006DF9AE /* CurrencyListView.swift */,
			);
			path = CurrencyListView;
			sourceTree = "<group>";
		};
		F4DCC33B28B4E95400DC4D09 /* MessageModule */ = {
			isa = PBXGroup;
			children = (
				F4DCC33928B4E6CF00DC4D09 /* ContactsViewController.swift */,
				F4DCC33C28B4E98400DC4D09 /* MessageModel.swift */,
			);
			path = MessageModule;
			sourceTree = "<group>";
		};
		F4ED8BE5289BB12A006DF9AE /* Cells */ = {
			isa = PBXGroup;
			children = (
				F4AA6102288E5A5200E191E6 /* CurrencyCell.swift */,
			);
			path = Cells;
			sourceTree = "<group>";
		};
/* End PBXGroup section */

/* Begin PBXNativeTarget section */
		F4532CB42883E93300A05344 /* CurrencyConverter */ = {
			isa = PBXNativeTarget;
			buildConfigurationList = F4532CDF2883E93400A05344 /* Build configuration list for PBXNativeTarget "CurrencyConverter" */;
			buildPhases = (
				F4536C16288445280027B572 /* ShellScript */,
				74C7D510FF07BA928422DD42 /* [CP] Check Pods Manifest.lock */,
				F4532CB12883E93300A05344 /* Sources */,
				F4532CB22883E93300A05344 /* Frameworks */,
				F4532CB32883E93300A05344 /* Resources */,
			);
			buildRules = (
			);
			dependencies = (
			);
			name = CurrencyConverter;
			productName = CurrencyConverter;
			productReference = F4532CB52883E93300A05344 /* CurrencyConverter.app */;
			productType = "com.apple.product-type.application";
		};
		F4532CCA2883E93400A05344 /* CurrencyConverterTests */ = {
			isa = PBXNativeTarget;
			buildConfigurationList = F4532CE22883E93400A05344 /* Build configuration list for PBXNativeTarget "CurrencyConverterTests" */;
			buildPhases = (
				0CC58675AFF873958D1468DE /* [CP] Check Pods Manifest.lock */,
				F4532CC72883E93400A05344 /* Sources */,
				F4532CC82883E93400A05344 /* Frameworks */,
				F4532CC92883E93400A05344 /* Resources */,
			);
			buildRules = (
			);
			dependencies = (
				F4532CCD2883E93400A05344 /* PBXTargetDependency */,
			);
			name = CurrencyConverterTests;
			productName = CurrencyConverterTests;
			productReference = F4532CCB2883E93400A05344 /* CurrencyConverterTests.xctest */;
			productType = "com.apple.product-type.bundle.unit-test";
		};
		F4532CD42883E93400A05344 /* CurrencyConverterUITests */ = {
			isa = PBXNativeTarget;
			buildConfigurationList = F4532CE52883E93400A05344 /* Build configuration list for PBXNativeTarget "CurrencyConverterUITests" */;
			buildPhases = (
				19275B03224C0761F0469977 /* [CP] Check Pods Manifest.lock */,
				F4532CD12883E93400A05344 /* Sources */,
				F4532CD22883E93400A05344 /* Frameworks */,
				F4532CD32883E93400A05344 /* Resources */,
			);
			buildRules = (
			);
			dependencies = (
				F4532CD72883E93400A05344 /* PBXTargetDependency */,
			);
			name = CurrencyConverterUITests;
			productName = CurrencyConverterUITests;
			productReference = F4532CD52883E93400A05344 /* CurrencyConverterUITests.xctest */;
			productType = "com.apple.product-type.bundle.ui-testing";
		};
/* End PBXNativeTarget section */

/* Begin PBXProject section */
		F4532CAD2883E93300A05344 /* Project object */ = {
			isa = PBXProject;
			attributes = {
				BuildIndependentTargetsInParallel = 1;
				LastSwiftUpdateCheck = 1340;
				LastUpgradeCheck = 1340;
				TargetAttributes = {
					F4532CB42883E93300A05344 = {
						CreatedOnToolsVersion = 13.4;
					};
					F4532CCA2883E93400A05344 = {
						CreatedOnToolsVersion = 13.4;
						TestTargetID = F4532CB42883E93300A05344;
					};
					F4532CD42883E93400A05344 = {
						CreatedOnToolsVersion = 13.4;
						TestTargetID = F4532CB42883E93300A05344;
					};
				};
			};
			buildConfigurationList = F4532CB02883E93300A05344 /* Build configuration list for PBXProject "CurrencyConverter" */;
			compatibilityVersion = "Xcode 13.0";
			developmentRegion = en;
			hasScannedForEncodings = 0;
			knownRegions = (
				en,
				Base,
			);
			mainGroup = F4532CAC2883E93300A05344;
			productRefGroup = F4532CB62883E93300A05344 /* Products */;
			projectDirPath = "";
			projectRoot = "";
			targets = (
				F4532CB42883E93300A05344 /* CurrencyConverter */,
				F4532CCA2883E93400A05344 /* CurrencyConverterTests */,
				F4532CD42883E93400A05344 /* CurrencyConverterUITests */,
			);
		};
/* End PBXProject section */

/* Begin PBXResourcesBuildPhase section */
		F4532CB32883E93300A05344 /* Resources */ = {
			isa = PBXResourcesBuildPhase;
			buildActionMask = 2147483647;
			files = (
				F4AA60FA288D88B800E191E6 /* Currency.json in Resources */,
				F45E043E28AA639700902C73 /* TotalAmountCell.xib in Resources */,
				F4A2F88C28870A28007948A9 /* Lato-ExtraBold.ttf in Resources */,
				F45E03EC28A2828900902C73 /* InputAmountCell.xib in Resources */,
				F4AA60ED288D4BCE00E191E6 /* RateCell.xib in Resources */,
				F4A2F89228871BF7007948A9 /* Lato-Regular.ttf in Resources */,
				F4A2F890288710B1007948A9 /* ConverterWindowView.xib in Resources */,
				F4532CC52883E93400A05344 /* LaunchScreen.storyboard in Resources */,
				F405604B288D0932007CD5AA /* RatesWindowView.xib in Resources */,
				F4532CC22883E93400A05344 /* Assets.xcassets in Resources */,
				F4DCC34128B624C300DC4D09 /* WorldCurrencies.plist in Resources */,
				F42CD259288FE8320010FA7D /* SFProText-Regular.ttf in Resources */,
				F4A2F8992887C57E007948A9 /* EllipsesView.xib in Resources */,
				F4532CC02883E93300A05344 /* Main.storyboard in Resources */,
				F4A2F89428871DD4007948A9 /* Lato-SemiBold.ttf in Resources */,
				F405603A288966B5007CD5AA /* MainView.xib in Resources */,
			);
			runOnlyForDeploymentPostprocessing = 0;
		};
		F4532CC92883E93400A05344 /* Resources */ = {
			isa = PBXResourcesBuildPhase;
			buildActionMask = 2147483647;
			files = (
			);
			runOnlyForDeploymentPostprocessing = 0;
		};
		F4532CD32883E93400A05344 /* Resources */ = {
			isa = PBXResourcesBuildPhase;
			buildActionMask = 2147483647;
			files = (
			);
			runOnlyForDeploymentPostprocessing = 0;
		};
/* End PBXResourcesBuildPhase section */

/* Begin PBXShellScriptBuildPhase section */
		0CC58675AFF873958D1468DE /* [CP] Check Pods Manifest.lock */ = {
			isa = PBXShellScriptBuildPhase;
			buildActionMask = 2147483647;
			files = (
			);
			inputFileListPaths = (
			);
			inputPaths = (
				"${PODS_PODFILE_DIR_PATH}/Podfile.lock",
				"${PODS_ROOT}/Manifest.lock",
			);
			name = "[CP] Check Pods Manifest.lock";
			outputFileListPaths = (
			);
			outputPaths = (
				"$(DERIVED_FILE_DIR)/Pods-CurrencyConverterTests-checkManifestLockResult.txt",
			);
			runOnlyForDeploymentPostprocessing = 0;
			shellPath = /bin/sh;
			shellScript = "diff \"${PODS_PODFILE_DIR_PATH}/Podfile.lock\" \"${PODS_ROOT}/Manifest.lock\" > /dev/null\nif [ $? != 0 ] ; then\n    # print error to STDERR\n    echo \"error: The sandbox is not in sync with the Podfile.lock. Run 'pod install' or update your CocoaPods installation.\" >&2\n    exit 1\nfi\n# This output is used by Xcode 'outputs' to avoid re-running this script phase.\necho \"SUCCESS\" > \"${SCRIPT_OUTPUT_FILE_0}\"\n";
			showEnvVarsInLog = 0;
		};
		19275B03224C0761F0469977 /* [CP] Check Pods Manifest.lock */ = {
			isa = PBXShellScriptBuildPhase;
			buildActionMask = 2147483647;
			files = (
			);
			inputFileListPaths = (
			);
			inputPaths = (
				"${PODS_PODFILE_DIR_PATH}/Podfile.lock",
				"${PODS_ROOT}/Manifest.lock",
			);
			name = "[CP] Check Pods Manifest.lock";
			outputFileListPaths = (
			);
			outputPaths = (
				"$(DERIVED_FILE_DIR)/Pods-CurrencyConverter-CurrencyConverterUITests-checkManifestLockResult.txt",
			);
			runOnlyForDeploymentPostprocessing = 0;
			shellPath = /bin/sh;
			shellScript = "diff \"${PODS_PODFILE_DIR_PATH}/Podfile.lock\" \"${PODS_ROOT}/Manifest.lock\" > /dev/null\nif [ $? != 0 ] ; then\n    # print error to STDERR\n    echo \"error: The sandbox is not in sync with the Podfile.lock. Run 'pod install' or update your CocoaPods installation.\" >&2\n    exit 1\nfi\n# This output is used by Xcode 'outputs' to avoid re-running this script phase.\necho \"SUCCESS\" > \"${SCRIPT_OUTPUT_FILE_0}\"\n";
			showEnvVarsInLog = 0;
		};
		74C7D510FF07BA928422DD42 /* [CP] Check Pods Manifest.lock */ = {
			isa = PBXShellScriptBuildPhase;
			buildActionMask = 2147483647;
			files = (
			);
			inputFileListPaths = (
			);
			inputPaths = (
				"${PODS_PODFILE_DIR_PATH}/Podfile.lock",
				"${PODS_ROOT}/Manifest.lock",
			);
			name = "[CP] Check Pods Manifest.lock";
			outputFileListPaths = (
			);
			outputPaths = (
				"$(DERIVED_FILE_DIR)/Pods-CurrencyConverter-checkManifestLockResult.txt",
			);
			runOnlyForDeploymentPostprocessing = 0;
			shellPath = /bin/sh;
			shellScript = "diff \"${PODS_PODFILE_DIR_PATH}/Podfile.lock\" \"${PODS_ROOT}/Manifest.lock\" > /dev/null\nif [ $? != 0 ] ; then\n    # print error to STDERR\n    echo \"error: The sandbox is not in sync with the Podfile.lock. Run 'pod install' or update your CocoaPods installation.\" >&2\n    exit 1\nfi\n# This output is used by Xcode 'outputs' to avoid re-running this script phase.\necho \"SUCCESS\" > \"${SCRIPT_OUTPUT_FILE_0}\"\n";
			showEnvVarsInLog = 0;
		};
		F4536C16288445280027B572 /* ShellScript */ = {
			isa = PBXShellScriptBuildPhase;
			buildActionMask = 2147483647;
			files = (
			);
			inputFileListPaths = (
			);
			inputPaths = (
			);
			outputFileListPaths = (
			);
			outputPaths = (
			);
			runOnlyForDeploymentPostprocessing = 0;
			shellPath = /bin/sh;
			shellScript = "\"${PODS_ROOT}/SwiftLint/swiftlint\"\n";
		};
/* End PBXShellScriptBuildPhase section */

/* Begin PBXSourcesBuildPhase section */
		F4532CB12883E93300A05344 /* Sources */ = {
			isa = PBXSourcesBuildPhase;
			buildActionMask = 2147483647;
			files = (
				F4DCC33A28B4E6CF00DC4D09 /* ContactsViewController.swift in Sources */,
				F4A2F88E28870F53007948A9 /* ConverterWindowView.swift in Sources */,
				F49AB41328B9E3BF00868776 /* ExchangeRateManager.swift in Sources */,
				F4429C6B289FB63400070620 /* DateModel.swift in Sources */,
				F4ED8B7F28993211006DF9AE /* AppConstants.swift in Sources */,
				F4A09AAD289BD338009D138E /* CoreDataError.swift in Sources */,
				F4A6202E28912909009E3FB8 /* CurrencyListViewController.swift in Sources */,
				F405603E28896967007CD5AA /* MainViewController.swift in Sources */,
				F4AA60E3288D32D500E191E6 /* PopUpWindowView.swift in Sources */,
				F45E044228AB5F7F00902C73 /* ConverterModel.swift in Sources */,
				F49AB41E28BA0B2C00868776 /* LastUpdateDateRepository.swift in Sources */,
				F45E042F28A4FA7400902C73 /* CurrencyContainer+CoreDataClass.swift in Sources */,
				F405604F288D1403007CD5AA /* RatesWindowView.swift in Sources */,
				F4056045288984CE007CD5AA /* Dispatcher.swift in Sources */,
				F4DCC2F828B4B50C00DC4D09 /* TitleConstants.swift in Sources */,
				F49AB41628B9E43200868776 /* ExchangeRateRepository.swift in Sources */,
				F4A2F89B2887C728007948A9 /* EllipsesView.swift in Sources */,
				F49AB42028BA17A400868776 /* LastUpdateDateManager.swift in Sources */,
				F4ED8BE4289B99B6006DF9AE /* CurrencyListView.swift in Sources */,
				F45137BE289D280C00B2190D /* CurrencyDataSource.swift in Sources */,
				F40560472889887B007CD5AA /* AsyncQueue.swift in Sources */,
				F4BA22F52897AB45002F3B54 /* CurrencyConverter.xcdatamodeld in Sources */,
				F4DCC33F28B5EE5100DC4D09 /* AlertConstants.swift in Sources */,
				F45E044028AA671E00902C73 /* TotalAmountCell.swift in Sources */,
				F4DCC2F628B4B41200DC4D09 /* MainViewAnimationExtension.swift in Sources */,
				F4056025288919AF007CD5AA /* URLModel.swift in Sources */,
				F49AB41828B9FCA100868776 /* MonoBankExchangeRate.swift in Sources */,
				F4AA60FD288D89E000E191E6 /* CurrencyListModel.swift in Sources */,
				F45E042D28A4FA7400902C73 /* RateCurrencyContainer+CoreDataClass.swift in Sources */,
				F4A09ACB289D210C009D138E /* Currency+CoreDataProperties.swift in Sources */,
				F4BA22ED2897A237002F3B54 /* CoreDataStack.swift in Sources */,
				F405604D288D1017007CD5AA /* RateTextLabel.swift in Sources */,
				F45E043228A4FA7400902C73 /* ConverterCurrencyContainer+CoreDataProperties.swift in Sources */,
				F4AA60F2288D62E200E191E6 /* ExchangeRateModel.swift in Sources */,
				F45E043428A4FB8700902C73 /* FetchRequesting.swift in Sources */,
				F4A09AC9289D210C009D138E /* Group+CoreDataProperties.swift in Sources */,
				F4A09ACD289D21B5009D138E /* InitialModel.swift in Sources */,
				F4A09AA7289BBF3E009D138E /* CDExchangeRate+CoreDataProperties.swift in Sources */,
				F45E042E28A4FA7400902C73 /* RateCurrencyContainer+CoreDataProperties.swift in Sources */,
				F49AB41B28BA0A6600868776 /* CDLastUpdateDate+CoreDataClass.swift in Sources */,
				F45137C2289E372200B2190D /* ResultModel.swift in Sources */,
				F45E043128A4FA7400902C73 /* ConverterCurrencyContainer+CoreDataClass.swift in Sources */,
				F4532CB92883E93300A05344 /* AppDelegate.swift in Sources */,
				F45E043628A62ABB00902C73 /* TableViewCostants.swift in Sources */,
				F4056033288946DA007CD5AA /* ExchangeRate.swift in Sources */,
				F4056049288988CE007CD5AA /* SyncQueue.swift in Sources */,
				F4A620362893A826009E3FB8 /* UserDeafaultsError.swift in Sources */,
				F435D1BD2887E5EB00B27418 /* AdjustableTextField.swift in Sources */,
				F4A09AC8289D210C009D138E /* Group+CoreDataClass.swift in Sources */,
				F4532CBB2883E93300A05344 /* SceneDelegate.swift in Sources */,
				F405602A28891CBE007CD5AA /* NetworkService.swift in Sources */,
				F405602C2889202D007CD5AA /* NetworkServiceError.swift in Sources */,
				F4A09ACA289D210C009D138E /* Currency+CoreDataClass.swift in Sources */,
				F405603C288966EF007CD5AA /* MainView.swift in Sources */,
				F4056031288941F0007CD5AA /* PrivatBankExchangeRate.swift in Sources */,
				F49AB41C28BA0A6600868776 /* CDLastUpdateDate+CoreDataProperties.swift in Sources */,
				F4532CEB2884056400A05344 /* EllipseView.swift in Sources */,
				F405602828891AE1007CD5AA /* URLConstants.swift in Sources */,
				F4A2F8962887C4D7007948A9 /* UIViewFixInExtension.swift in Sources */,
				F4A09AA6289BBF3E009D138E /* CDExchangeRate+CoreDataClass.swift in Sources */,
				F4AA60EC288D4BCE00E191E6 /* RateCell.swift in Sources */,
				F4DCC33D28B4E98400DC4D09 /* MessageModel.swift in Sources */,
				F45E043028A4FA7400902C73 /* CurrencyContainer+CoreDataProperties.swift in Sources */,
				F45137C0289E326A00B2190D /* ResultDataSource.swift in Sources */,
				F4AA6103288E5A5200E191E6 /* CurrencyCell.swift in Sources */,
				F4DCC2F428AD10A100DC4D09 /* DoubleFormatExtension.swift in Sources */,
			);
			runOnlyForDeploymentPostprocessing = 0;
		};
		F4532CC72883E93400A05344 /* Sources */ = {
			isa = PBXSourcesBuildPhase;
			buildActionMask = 2147483647;
			files = (
				F4532CD02883E93400A05344 /* CurrencyConverterTests.swift in Sources */,
			);
			runOnlyForDeploymentPostprocessing = 0;
		};
		F4532CD12883E93400A05344 /* Sources */ = {
			isa = PBXSourcesBuildPhase;
			buildActionMask = 2147483647;
			files = (
				F4532CDC2883E93400A05344 /* CurrencyConverterUITestsLaunchTests.swift in Sources */,
				F4532CDA2883E93400A05344 /* CurrencyConverterUITests.swift in Sources */,
			);
			runOnlyForDeploymentPostprocessing = 0;
		};
/* End PBXSourcesBuildPhase section */

/* Begin PBXTargetDependency section */
		F4532CCD2883E93400A05344 /* PBXTargetDependency */ = {
			isa = PBXTargetDependency;
			target = F4532CB42883E93300A05344 /* CurrencyConverter */;
			targetProxy = F4532CCC2883E93400A05344 /* PBXContainerItemProxy */;
		};
		F4532CD72883E93400A05344 /* PBXTargetDependency */ = {
			isa = PBXTargetDependency;
			target = F4532CB42883E93300A05344 /* CurrencyConverter */;
			targetProxy = F4532CD62883E93400A05344 /* PBXContainerItemProxy */;
		};
/* End PBXTargetDependency section */

/* Begin PBXVariantGroup section */
		F4532CBE2883E93300A05344 /* Main.storyboard */ = {
			isa = PBXVariantGroup;
			children = (
				F4532CBF2883E93300A05344 /* Base */,
			);
			name = Main.storyboard;
			sourceTree = "<group>";
		};
		F4532CC32883E93400A05344 /* LaunchScreen.storyboard */ = {
			isa = PBXVariantGroup;
			children = (
				F4532CC42883E93400A05344 /* Base */,
			);
			name = LaunchScreen.storyboard;
			sourceTree = "<group>";
		};
/* End PBXVariantGroup section */

/* Begin XCBuildConfiguration section */
		F4532CDD2883E93400A05344 /* Debug */ = {
			isa = XCBuildConfiguration;
			buildSettings = {
				ALWAYS_SEARCH_USER_PATHS = NO;
				CLANG_ANALYZER_NONNULL = YES;
				CLANG_ANALYZER_NUMBER_OBJECT_CONVERSION = YES_AGGRESSIVE;
				CLANG_CXX_LANGUAGE_STANDARD = "gnu++17";
				CLANG_ENABLE_MODULES = YES;
				CLANG_ENABLE_OBJC_ARC = YES;
				CLANG_ENABLE_OBJC_WEAK = YES;
				CLANG_WARN_BLOCK_CAPTURE_AUTORELEASING = YES;
				CLANG_WARN_BOOL_CONVERSION = YES;
				CLANG_WARN_COMMA = YES;
				CLANG_WARN_CONSTANT_CONVERSION = YES;
				CLANG_WARN_DEPRECATED_OBJC_IMPLEMENTATIONS = YES;
				CLANG_WARN_DIRECT_OBJC_ISA_USAGE = YES_ERROR;
				CLANG_WARN_DOCUMENTATION_COMMENTS = YES;
				CLANG_WARN_EMPTY_BODY = YES;
				CLANG_WARN_ENUM_CONVERSION = YES;
				CLANG_WARN_INFINITE_RECURSION = YES;
				CLANG_WARN_INT_CONVERSION = YES;
				CLANG_WARN_NON_LITERAL_NULL_CONVERSION = YES;
				CLANG_WARN_OBJC_IMPLICIT_RETAIN_SELF = YES;
				CLANG_WARN_OBJC_LITERAL_CONVERSION = YES;
				CLANG_WARN_OBJC_ROOT_CLASS = YES_ERROR;
				CLANG_WARN_QUOTED_INCLUDE_IN_FRAMEWORK_HEADER = YES;
				CLANG_WARN_RANGE_LOOP_ANALYSIS = YES;
				CLANG_WARN_STRICT_PROTOTYPES = YES;
				CLANG_WARN_SUSPICIOUS_MOVE = YES;
				CLANG_WARN_UNGUARDED_AVAILABILITY = YES_AGGRESSIVE;
				CLANG_WARN_UNREACHABLE_CODE = YES;
				CLANG_WARN__DUPLICATE_METHOD_MATCH = YES;
				COPY_PHASE_STRIP = NO;
				DEBUG_INFORMATION_FORMAT = dwarf;
				ENABLE_STRICT_OBJC_MSGSEND = YES;
				ENABLE_TESTABILITY = YES;
				GCC_C_LANGUAGE_STANDARD = gnu11;
				GCC_DYNAMIC_NO_PIC = NO;
				GCC_NO_COMMON_BLOCKS = YES;
				GCC_OPTIMIZATION_LEVEL = 0;
				GCC_PREPROCESSOR_DEFINITIONS = (
					"DEBUG=1",
					"$(inherited)",
				);
				GCC_WARN_64_TO_32_BIT_CONVERSION = YES;
				GCC_WARN_ABOUT_RETURN_TYPE = YES_ERROR;
				GCC_WARN_UNDECLARED_SELECTOR = YES;
				GCC_WARN_UNINITIALIZED_AUTOS = YES_AGGRESSIVE;
				GCC_WARN_UNUSED_FUNCTION = YES;
				GCC_WARN_UNUSED_VARIABLE = YES;
				IPHONEOS_DEPLOYMENT_TARGET = 14.0;
				MTL_ENABLE_DEBUG_INFO = INCLUDE_SOURCE;
				MTL_FAST_MATH = YES;
				ONLY_ACTIVE_ARCH = YES;
				SDKROOT = iphoneos;
				SWIFT_ACTIVE_COMPILATION_CONDITIONS = DEBUG;
				SWIFT_OPTIMIZATION_LEVEL = "-Onone";
			};
			name = Debug;
		};
		F4532CDE2883E93400A05344 /* Release */ = {
			isa = XCBuildConfiguration;
			buildSettings = {
				ALWAYS_SEARCH_USER_PATHS = NO;
				CLANG_ANALYZER_NONNULL = YES;
				CLANG_ANALYZER_NUMBER_OBJECT_CONVERSION = YES_AGGRESSIVE;
				CLANG_CXX_LANGUAGE_STANDARD = "gnu++17";
				CLANG_ENABLE_MODULES = YES;
				CLANG_ENABLE_OBJC_ARC = YES;
				CLANG_ENABLE_OBJC_WEAK = YES;
				CLANG_WARN_BLOCK_CAPTURE_AUTORELEASING = YES;
				CLANG_WARN_BOOL_CONVERSION = YES;
				CLANG_WARN_COMMA = YES;
				CLANG_WARN_CONSTANT_CONVERSION = YES;
				CLANG_WARN_DEPRECATED_OBJC_IMPLEMENTATIONS = YES;
				CLANG_WARN_DIRECT_OBJC_ISA_USAGE = YES_ERROR;
				CLANG_WARN_DOCUMENTATION_COMMENTS = YES;
				CLANG_WARN_EMPTY_BODY = YES;
				CLANG_WARN_ENUM_CONVERSION = YES;
				CLANG_WARN_INFINITE_RECURSION = YES;
				CLANG_WARN_INT_CONVERSION = YES;
				CLANG_WARN_NON_LITERAL_NULL_CONVERSION = YES;
				CLANG_WARN_OBJC_IMPLICIT_RETAIN_SELF = YES;
				CLANG_WARN_OBJC_LITERAL_CONVERSION = YES;
				CLANG_WARN_OBJC_ROOT_CLASS = YES_ERROR;
				CLANG_WARN_QUOTED_INCLUDE_IN_FRAMEWORK_HEADER = YES;
				CLANG_WARN_RANGE_LOOP_ANALYSIS = YES;
				CLANG_WARN_STRICT_PROTOTYPES = YES;
				CLANG_WARN_SUSPICIOUS_MOVE = YES;
				CLANG_WARN_UNGUARDED_AVAILABILITY = YES_AGGRESSIVE;
				CLANG_WARN_UNREACHABLE_CODE = YES;
				CLANG_WARN__DUPLICATE_METHOD_MATCH = YES;
				COPY_PHASE_STRIP = NO;
				DEBUG_INFORMATION_FORMAT = "dwarf-with-dsym";
				ENABLE_NS_ASSERTIONS = NO;
				ENABLE_STRICT_OBJC_MSGSEND = YES;
				GCC_C_LANGUAGE_STANDARD = gnu11;
				GCC_NO_COMMON_BLOCKS = YES;
				GCC_WARN_64_TO_32_BIT_CONVERSION = YES;
				GCC_WARN_ABOUT_RETURN_TYPE = YES_ERROR;
				GCC_WARN_UNDECLARED_SELECTOR = YES;
				GCC_WARN_UNINITIALIZED_AUTOS = YES_AGGRESSIVE;
				GCC_WARN_UNUSED_FUNCTION = YES;
				GCC_WARN_UNUSED_VARIABLE = YES;
				IPHONEOS_DEPLOYMENT_TARGET = 14.0;
				MTL_ENABLE_DEBUG_INFO = NO;
				MTL_FAST_MATH = YES;
				SDKROOT = iphoneos;
				SWIFT_COMPILATION_MODE = wholemodule;
				SWIFT_OPTIMIZATION_LEVEL = "-O";
				VALIDATE_PRODUCT = YES;
			};
			name = Release;
		};
		F4532CE02883E93400A05344 /* Debug */ = {
			isa = XCBuildConfiguration;
			baseConfigurationReference = 25F3D84AD293E624C92C67CD /* Pods-CurrencyConverter.debug.xcconfig */;
			buildSettings = {
				ASSETCATALOG_COMPILER_APPICON_NAME = AppIcon;
				ASSETCATALOG_COMPILER_GLOBAL_ACCENT_COLOR_NAME = AccentColor;
				CODE_SIGN_STYLE = Automatic;
				CURRENT_PROJECT_VERSION = 1;
				DEVELOPMENT_TEAM = 34XV2JSY5D;
				GENERATE_INFOPLIST_FILE = YES;
				INFOPLIST_FILE = CurrencyConverter/SupportingFiles/Info.plist;
				INFOPLIST_KEY_NSContactsUsageDescription = "Need access to contacts to be able to send messages or emails";
				INFOPLIST_KEY_UIApplicationSupportsIndirectInputEvents = YES;
				INFOPLIST_KEY_UILaunchStoryboardName = LaunchScreen;
				INFOPLIST_KEY_UIMainStoryboardFile = Main;
				INFOPLIST_KEY_UISupportedInterfaceOrientations = "UIInterfaceOrientationPortrait UIInterfaceOrientationLandscapeLeft UIInterfaceOrientationLandscapeRight";
				INFOPLIST_KEY_UISupportedInterfaceOrientations_iPad = "UIInterfaceOrientationPortrait UIInterfaceOrientationPortraitUpsideDown UIInterfaceOrientationLandscapeLeft UIInterfaceOrientationLandscapeRight";
				INFOPLIST_KEY_UISupportedInterfaceOrientations_iPhone = "UIInterfaceOrientationPortrait UIInterfaceOrientationLandscapeLeft UIInterfaceOrientationLandscapeRight";
				IPHONEOS_DEPLOYMENT_TARGET = 14.0;
				LD_RUNPATH_SEARCH_PATHS = (
					"$(inherited)",
					"@executable_path/Frameworks",
				);
				MARKETING_VERSION = 1.0;
				PRODUCT_BUNDLE_IDENTIFIER = "Artem-Shcherban.CurrencyConverter";
				PRODUCT_NAME = "$(TARGET_NAME)";
				SWIFT_EMIT_LOC_STRINGS = YES;
				SWIFT_VERSION = 5.0;
				TARGETED_DEVICE_FAMILY = "1,2";
			};
			name = Debug;
		};
		F4532CE12883E93400A05344 /* Release */ = {
			isa = XCBuildConfiguration;
			baseConfigurationReference = CF4329F69DFC5CB03017A181 /* Pods-CurrencyConverter.release.xcconfig */;
			buildSettings = {
				ASSETCATALOG_COMPILER_APPICON_NAME = AppIcon;
				ASSETCATALOG_COMPILER_GLOBAL_ACCENT_COLOR_NAME = AccentColor;
				CODE_SIGN_STYLE = Automatic;
				CURRENT_PROJECT_VERSION = 1;
				DEVELOPMENT_TEAM = 34XV2JSY5D;
				GENERATE_INFOPLIST_FILE = YES;
				INFOPLIST_FILE = CurrencyConverter/SupportingFiles/Info.plist;
				INFOPLIST_KEY_NSContactsUsageDescription = "Need access to contacts to be able to send messages or emails";
				INFOPLIST_KEY_UIApplicationSupportsIndirectInputEvents = YES;
				INFOPLIST_KEY_UILaunchStoryboardName = LaunchScreen;
				INFOPLIST_KEY_UIMainStoryboardFile = Main;
				INFOPLIST_KEY_UISupportedInterfaceOrientations = "UIInterfaceOrientationPortrait UIInterfaceOrientationLandscapeLeft UIInterfaceOrientationLandscapeRight";
				INFOPLIST_KEY_UISupportedInterfaceOrientations_iPad = "UIInterfaceOrientationPortrait UIInterfaceOrientationPortraitUpsideDown UIInterfaceOrientationLandscapeLeft UIInterfaceOrientationLandscapeRight";
				INFOPLIST_KEY_UISupportedInterfaceOrientations_iPhone = "UIInterfaceOrientationPortrait UIInterfaceOrientationLandscapeLeft UIInterfaceOrientationLandscapeRight";
				IPHONEOS_DEPLOYMENT_TARGET = 14.0;
				LD_RUNPATH_SEARCH_PATHS = (
					"$(inherited)",
					"@executable_path/Frameworks",
				);
				MARKETING_VERSION = 1.0;
				PRODUCT_BUNDLE_IDENTIFIER = "Artem-Shcherban.CurrencyConverter";
				PRODUCT_NAME = "$(TARGET_NAME)";
				SWIFT_EMIT_LOC_STRINGS = YES;
				SWIFT_VERSION = 5.0;
				TARGETED_DEVICE_FAMILY = "1,2";
			};
			name = Release;
		};
		F4532CE32883E93400A05344 /* Debug */ = {
			isa = XCBuildConfiguration;
			baseConfigurationReference = 3ACD11342E3D18D896EB80FC /* Pods-CurrencyConverterTests.debug.xcconfig */;
			buildSettings = {
				ALWAYS_EMBED_SWIFT_STANDARD_LIBRARIES = YES;
				BUNDLE_LOADER = "$(TEST_HOST)";
				CODE_SIGN_STYLE = Automatic;
				CURRENT_PROJECT_VERSION = 1;
				DEVELOPMENT_TEAM = 34XV2JSY5D;
				GENERATE_INFOPLIST_FILE = YES;
				IPHONEOS_DEPLOYMENT_TARGET = 15.5;
				MARKETING_VERSION = 1.0;
				PRODUCT_BUNDLE_IDENTIFIER = "Artem-Shcherban.CurrencyConverterTests";
				PRODUCT_NAME = "$(TARGET_NAME)";
				SWIFT_EMIT_LOC_STRINGS = NO;
				SWIFT_VERSION = 5.0;
				TARGETED_DEVICE_FAMILY = "1,2";
				TEST_HOST = "$(BUILT_PRODUCTS_DIR)/CurrencyConverter.app/CurrencyConverter";
			};
			name = Debug;
		};
		F4532CE42883E93400A05344 /* Release */ = {
			isa = XCBuildConfiguration;
			baseConfigurationReference = A933CBDCFD14993A5D242E9B /* Pods-CurrencyConverterTests.release.xcconfig */;
			buildSettings = {
				ALWAYS_EMBED_SWIFT_STANDARD_LIBRARIES = YES;
				BUNDLE_LOADER = "$(TEST_HOST)";
				CODE_SIGN_STYLE = Automatic;
				CURRENT_PROJECT_VERSION = 1;
				DEVELOPMENT_TEAM = 34XV2JSY5D;
				GENERATE_INFOPLIST_FILE = YES;
				IPHONEOS_DEPLOYMENT_TARGET = 15.5;
				MARKETING_VERSION = 1.0;
				PRODUCT_BUNDLE_IDENTIFIER = "Artem-Shcherban.CurrencyConverterTests";
				PRODUCT_NAME = "$(TARGET_NAME)";
				SWIFT_EMIT_LOC_STRINGS = NO;
				SWIFT_VERSION = 5.0;
				TARGETED_DEVICE_FAMILY = "1,2";
				TEST_HOST = "$(BUILT_PRODUCTS_DIR)/CurrencyConverter.app/CurrencyConverter";
			};
			name = Release;
		};
		F4532CE62883E93400A05344 /* Debug */ = {
			isa = XCBuildConfiguration;
			baseConfigurationReference = 97184BF8BF8F9C6523FEAF0E /* Pods-CurrencyConverter-CurrencyConverterUITests.debug.xcconfig */;
			buildSettings = {
				ALWAYS_EMBED_SWIFT_STANDARD_LIBRARIES = YES;
				CODE_SIGN_STYLE = Automatic;
				CURRENT_PROJECT_VERSION = 1;
				DEVELOPMENT_TEAM = 34XV2JSY5D;
				GENERATE_INFOPLIST_FILE = YES;
				MARKETING_VERSION = 1.0;
				PRODUCT_BUNDLE_IDENTIFIER = "Artem-Shcherban.CurrencyConverterUITests";
				PRODUCT_NAME = "$(TARGET_NAME)";
				SWIFT_EMIT_LOC_STRINGS = NO;
				SWIFT_VERSION = 5.0;
				TARGETED_DEVICE_FAMILY = "1,2";
				TEST_TARGET_NAME = CurrencyConverter;
			};
			name = Debug;
		};
		F4532CE72883E93400A05344 /* Release */ = {
			isa = XCBuildConfiguration;
			baseConfigurationReference = 7AE1522597C44BF352346663 /* Pods-CurrencyConverter-CurrencyConverterUITests.release.xcconfig */;
			buildSettings = {
				ALWAYS_EMBED_SWIFT_STANDARD_LIBRARIES = YES;
				CODE_SIGN_STYLE = Automatic;
				CURRENT_PROJECT_VERSION = 1;
				DEVELOPMENT_TEAM = 34XV2JSY5D;
				GENERATE_INFOPLIST_FILE = YES;
				MARKETING_VERSION = 1.0;
				PRODUCT_BUNDLE_IDENTIFIER = "Artem-Shcherban.CurrencyConverterUITests";
				PRODUCT_NAME = "$(TARGET_NAME)";
				SWIFT_EMIT_LOC_STRINGS = NO;
				SWIFT_VERSION = 5.0;
				TARGETED_DEVICE_FAMILY = "1,2";
				TEST_TARGET_NAME = CurrencyConverter;
			};
			name = Release;
		};
/* End XCBuildConfiguration section */

/* Begin XCConfigurationList section */
		F4532CB02883E93300A05344 /* Build configuration list for PBXProject "CurrencyConverter" */ = {
			isa = XCConfigurationList;
			buildConfigurations = (
				F4532CDD2883E93400A05344 /* Debug */,
				F4532CDE2883E93400A05344 /* Release */,
			);
			defaultConfigurationIsVisible = 0;
			defaultConfigurationName = Release;
		};
		F4532CDF2883E93400A05344 /* Build configuration list for PBXNativeTarget "CurrencyConverter" */ = {
			isa = XCConfigurationList;
			buildConfigurations = (
				F4532CE02883E93400A05344 /* Debug */,
				F4532CE12883E93400A05344 /* Release */,
			);
			defaultConfigurationIsVisible = 0;
			defaultConfigurationName = Release;
		};
		F4532CE22883E93400A05344 /* Build configuration list for PBXNativeTarget "CurrencyConverterTests" */ = {
			isa = XCConfigurationList;
			buildConfigurations = (
				F4532CE32883E93400A05344 /* Debug */,
				F4532CE42883E93400A05344 /* Release */,
			);
			defaultConfigurationIsVisible = 0;
			defaultConfigurationName = Release;
		};
		F4532CE52883E93400A05344 /* Build configuration list for PBXNativeTarget "CurrencyConverterUITests" */ = {
			isa = XCConfigurationList;
			buildConfigurations = (
				F4532CE62883E93400A05344 /* Debug */,
				F4532CE72883E93400A05344 /* Release */,
			);
			defaultConfigurationIsVisible = 0;
			defaultConfigurationName = Release;
		};
/* End XCConfigurationList section */

/* Begin XCVersionGroup section */
		F4BA22F32897AB45002F3B54 /* CurrencyConverter.xcdatamodeld */ = {
			isa = XCVersionGroup;
			children = (
				F4BA22F42897AB45002F3B54 /* CurrencyConverter.xcdatamodel */,
			);
			currentVersion = F4BA22F42897AB45002F3B54 /* CurrencyConverter.xcdatamodel */;
			path = CurrencyConverter.xcdatamodeld;
			sourceTree = "<group>";
			versionGroupType = wrapper.xcdatamodel;
		};
/* End XCVersionGroup section */
	};
	rootObject = F4532CAD2883E93300A05344 /* Project object */;
}
